
Microsoft Visual Studio Solution File, Format Version 12.00
# Visual Studio 15
VisualStudioVersion = 15.0.26124.0
MinimumVisualStudioVersion = 15.0.26124.0
Project("{FAE04EC0-301F-11D3-BF4B-00C04F79EFBC}") = "Ezconet.API", "Ezconet.API\Ezconet.API.csproj", "{C065D516-700A-47E6-A21F-490D53B5372C}"
EndProject
Project("{FAE04EC0-301F-11D3-BF4B-00C04F79EFBC}") = "Ezconet.Domain", "Ezconet.Domain\Ezconet.Domain.csproj", "{98606021-04EC-453F-9187-9E95E1EB6513}"
EndProject
Project("{FAE04EC0-301F-11D3-BF4B-00C04F79EFBC}") = "Ezconet.Repository", "Ezconet.Repository\Ezconet.Repository.csproj", "{8401D792-1D7D-4521-9EC9-9F28EA858D29}"
EndProject
Global
	GlobalSection(SolutionConfigurationPlatforms) = preSolution
		Debug|Any CPU = Debug|Any CPU
		Debug|x64 = Debug|x64
		Debug|x86 = Debug|x86
		Release|Any CPU = Release|Any CPU
		Release|x64 = Release|x64
		Release|x86 = Release|x86
	EndGlobalSection
	GlobalSection(SolutionProperties) = preSolution
		HideSolutionNode = FALSE
	EndGlobalSection
	GlobalSection(ProjectConfigurationPlatforms) = postSolution
		{C065D516-700A-47E6-A21F-490D53B5372C}.Debug|Any CPU.ActiveCfg = Debug|Any CPU
		{C065D516-700A-47E6-A21F-490D53B5372C}.Debug|Any CPU.Build.0 = Debug|Any CPU
		{C065D516-700A-47E6-A21F-490D53B5372C}.Debug|x64.ActiveCfg = Debug|Any CPU
		{C065D516-700A-47E6-A21F-490D53B5372C}.Debug|x64.Build.0 = Debug|Any CPU
		{C065D516-700A-47E6-A21F-490D53B5372C}.Debug|x86.ActiveCfg = Debug|Any CPU
		{C065D516-700A-47E6-A21F-490D53B5372C}.Debug|x86.Build.0 = Debug|Any CPU
		{C065D516-700A-47E6-A21F-490D53B5372C}.Release|Any CPU.ActiveCfg = Release|Any CPU
		{C065D516-700A-47E6-A21F-490D53B5372C}.Release|Any CPU.Build.0 = Release|Any CPU
		{C065D516-700A-47E6-A21F-490D53B5372C}.Release|x64.ActiveCfg = Release|Any CPU
		{C065D516-700A-47E6-A21F-490D53B5372C}.Release|x64.Build.0 = Release|Any CPU
		{C065D516-700A-47E6-A21F-490D53B5372C}.Release|x86.ActiveCfg = Release|Any CPU
		{C065D516-700A-47E6-A21F-490D53B5372C}.Release|x86.Build.0 = Release|Any CPU
		{98606021-04EC-453F-9187-9E95E1EB6513}.Debug|Any CPU.ActiveCfg = Debug|Any CPU
		{98606021-04EC-453F-9187-9E95E1EB6513}.Debug|Any CPU.Build.0 = Debug|Any CPU
		{98606021-04EC-453F-9187-9E95E1EB6513}.Debug|x64.ActiveCfg = Debug|Any CPU
		{98606021-04EC-453F-9187-9E95E1EB6513}.Debug|x64.Build.0 = Debug|Any CPU
		{98606021-04EC-453F-9187-9E95E1EB6513}.Debug|x86.ActiveCfg = Debug|Any CPU
		{98606021-04EC-453F-9187-9E95E1EB6513}.Debug|x86.Build.0 = Debug|Any CPU
		{98606021-04EC-453F-9187-9E95E1EB6513}.Release|Any CPU.ActiveCfg = Release|Any CPU
		{98606021-04EC-453F-9187-9E95E1EB6513}.Release|Any CPU.Build.0 = Release|Any CPU
		{98606021-04EC-453F-9187-9E95E1EB6513}.Release|x64.ActiveCfg = Release|Any CPU
		{98606021-04EC-453F-9187-9E95E1EB6513}.Release|x64.Build.0 = Release|Any CPU
		{98606021-04EC-453F-9187-9E95E1EB6513}.Release|x86.ActiveCfg = Release|Any CPU
		{98606021-04EC-453F-9187-9E95E1EB6513}.Release|x86.Build.0 = Release|Any CPU
		{8401D792-1D7D-4521-9EC9-9F28EA858D29}.Debug|Any CPU.ActiveCfg = Debug|Any CPU
		{8401D792-1D7D-4521-9EC9-9F28EA858D29}.Debug|Any CPU.Build.0 = Debug|Any CPU
		{8401D792-1D7D-4521-9EC9-9F28EA858D29}.Debug|x64.ActiveCfg = Debug|Any CPU
		{8401D792-1D7D-4521-9EC9-9F28EA858D29}.Debug|x64.Build.0 = Debug|Any CPU
		{8401D792-1D7D-4521-9EC9-9F28EA858D29}.Debug|x86.ActiveCfg = Debug|Any CPU
		{8401D792-1D7D-4521-9EC9-9F28EA858D29}.Debug|x86.Build.0 = Debug|Any CPU
		{8401D792-1D7D-4521-9EC9-9F28EA858D29}.Release|Any CPU.ActiveCfg = Release|Any CPU
		{8401D792-1D7D-4521-9EC9-9F28EA858D29}.Release|Any CPU.Build.0 = Release|Any CPU
		{8401D792-1D7D-4521-9EC9-9F28EA858D29}.Release|x64.ActiveCfg = Release|Any CPU
		{8401D792-1D7D-4521-9EC9-9F28EA858D29}.Release|x64.Build.0 = Release|Any CPU
		{8401D792-1D7D-4521-9EC9-9F28EA858D29}.Release|x86.ActiveCfg = Release|Any CPU
		{8401D792-1D7D-4521-9EC9-9F28EA858D29}.Release|x86.Build.0 = Release|Any CPU
	EndGlobalSection
EndGlobal
